
Microsoft Visual Studio Solution File, Format Version 12.00
# Visual Studio Version 17
VisualStudioVersion = 17.5.33424.131
MinimumVisualStudioVersion = 10.0.40219.1
Project("{9A19103F-16F7-4668-BE54-9A1E7A4F7556}") = "BulkyBookWeb", "BulkyBookWeb\BulkyBookWeb.csproj", "{EF5E6187-E54A-4603-8EB8-177BE2295C39}"
EndProject
Project("{9A19103F-16F7-4668-BE54-9A1E7A4F7556}") = "BulkyBook.DataAccess", "BulkBook.DataAccess\BulkyBook.DataAccess.csproj", "{40B230D8-F773-4AED-BBE5-5D0598F622B6}"
EndProject
Project("{9A19103F-16F7-4668-BE54-9A1E7A4F7556}") = "BulkyBook.Models", "BulkBook.Models\BulkyBook.Models.csproj", "{5D27B8A1-FB50-4574-AD38-93F6A1FE4981}"
EndProject
Project("{9A19103F-16F7-4668-BE54-9A1E7A4F7556}") = "BulkyBook.Utility", "BulkBook.Utility\BulkyBook.Utility.csproj", "{D5F47636-1014-4D7E-B9FB-35788433D009}"
EndProject
Global
	GlobalSection(SolutionConfigurationPlatforms) = preSolution
		Debug|Any CPU = Debug|Any CPU
		Release|Any CPU = Release|Any CPU
	EndGlobalSection
	GlobalSection(ProjectConfigurationPlatforms) = postSolution
		{EF5E6187-E54A-4603-8EB8-177BE2295C39}.Debug|Any CPU.ActiveCfg = Debug|Any CPU
		{EF5E6187-E54A-4603-8EB8-177BE2295C39}.Debug|Any CPU.Build.0 = Debug|Any CPU
		{EF5E6187-E54A-4603-8EB8-177BE2295C39}.Release|Any CPU.ActiveCfg = Release|Any CPU
		{EF5E6187-E54A-4603-8EB8-177BE2295C39}.Release|Any CPU.Build.0 = Release|Any CPU
		{40B230D8-F773-4AED-BBE5-5D0598F622B6}.Debug|Any CPU.ActiveCfg = Debug|Any CPU
		{40B230D8-F773-4AED-BBE5-5D0598F622B6}.Debug|Any CPU.Build.0 = Debug|Any CPU
		{40B230D8-F773-4AED-BBE5-5D0598F622B6}.Release|Any CPU.ActiveCfg = Release|Any CPU
		{40B230D8-F773-4AED-BBE5-5D0598F622B6}.Release|Any CPU.Build.0 = Release|Any CPU
		{5D27B8A1-FB50-4574-AD38-93F6A1FE4981}.Debug|Any CPU.ActiveCfg = Debug|Any CPU
		{5D27B8A1-FB50-4574-AD38-93F6A1FE4981}.Debug|Any CPU.Build.0 = Debug|Any CPU
		{5D27B8A1-FB50-4574-AD38-93F6A1FE4981}.Release|Any CPU.ActiveCfg = Release|Any CPU
		{5D27B8A1-FB50-4574-AD38-93F6A1FE4981}.Release|Any CPU.Build.0 = Release|Any CPU
		{D5F47636-1014-4D7E-B9FB-35788433D009}.Debug|Any CPU.ActiveCfg = Debug|Any CPU
		{D5F47636-1014-4D7E-B9FB-35788433D009}.Debug|Any CPU.Build.0 = Debug|Any CPU
		{D5F47636-1014-4D7E-B9FB-35788433D009}.Release|Any CPU.ActiveCfg = Release|Any CPU
		{D5F47636-1014-4D7E-B9FB-35788433D009}.Release|Any CPU.Build.0 = Release|Any CPU
	EndGlobalSection
	GlobalSection(SolutionProperties) = preSolution
		HideSolutionNode = FALSE
	EndGlobalSection
	GlobalSection(ExtensibilityGlobals) = postSolution
		SolutionGuid = {4C28433A-8BB9-46F9-8AC5-5E2A01669AF7}
	EndGlobalSection
EndGlobal
